
Microsoft Visual Studio Solution File, Format Version 12.00
# Visual Studio Version 17
VisualStudioVersion = 17.7.34009.444
MinimumVisualStudioVersion = 10.0.40219.1
Project("{888888A0-9F3D-457C-B088-3A5042F75D52}") = "Project1", "Project1.pyproj", "{C8F96FC2-248B-46C5-B5F2-2269C9358EE7}"
EndProject
Global
	GlobalSection(SolutionConfigurationPlatforms) = preSolution
		Debug|Any CPU = Debug|Any CPU
		Release|Any CPU = Release|Any CPU
	EndGlobalSection
	GlobalSection(ProjectConfigurationPlatforms) = postSolution
		{C8F96FC2-248B-46C5-B5F2-2269C9358EE7}.Debug|Any CPU.ActiveCfg = Debug|Any CPU
		{C8F96FC2-248B-46C5-B5F2-2269C9358EE7}.Debug|Any CPU.Build.0 = Debug|Any CPU
		{C8F96FC2-248B-46C5-B5F2-2269C9358EE7}.Release|Any CPU.ActiveCfg = Release|Any CPU
		{C8F96FC2-248B-46C5-B5F2-2269C9358EE7}.Release|Any CPU.Build.0 = Release|Any CPU
	EndGlobalSection
	GlobalSection(SolutionProperties) = preSolution
		HideSolutionNode = FALSE
	EndGlobalSection
	GlobalSection(ExtensibilityGlobals) = postSolution
		SolutionGuid = {8E0F3EAB-8702-4AA9-8137-0B9165C518D1}
	EndGlobalSection
EndGlobal
